
Microsoft Visual Studio Solution File, Format Version 12.00
# Visual Studio Version 17
VisualStudioVersion = 17.14.37216.2 d17.14
MinimumVisualStudioVersion = 10.0.40219.1
Project("{FAE04EC0-301F-11D3-BF4B-00C04F79EFBC}") = "E-Commerce.FrontEnd", "E-Commerce.FrontEnd\E-Commerce.FrontEnd.csproj", "{15F55E27-19FA-4DDB-9F32-9E6915D00880}"
EndProject
Global
	GlobalSection(SolutionConfigurationPlatforms) = preSolution
		Debug|Any CPU = Debug|Any CPU
		Release|Any CPU = Release|Any CPU
	EndGlobalSection
	GlobalSection(ProjectConfigurationPlatforms) = postSolution
		{15F55E27-19FA-4DDB-9F32-9E6915D00880}.Debug|Any CPU.ActiveCfg = Debug|Any CPU
		{15F55E27-19FA-4DDB-9F32-9E6915D00880}.Debug|Any CPU.Build.0 = Debug|Any CPU
		{15F55E27-19FA-4DDB-9F32-9E6915D00880}.Release|Any CPU.ActiveCfg = Release|Any CPU
		{15F55E27-19FA-4DDB-9F32-9E6915D00880}.Release|Any CPU.Build.0 = Release|Any CPU
	EndGlobalSection
	GlobalSection(SolutionProperties) = preSolution
		HideSolutionNode = FALSE
	EndGlobalSection
	GlobalSection(ExtensibilityGlobals) = postSolution
		SolutionGuid = {475EF2A7-58E1-44A1-8AC1-ED14C795A5BD}
	EndGlobalSection
EndGlobal
